// !$*UTF8*$!
{
	archiveVersion = 1;
	classes = {
	};
	objectVersion = 50;
	objects = {

/* Begin PBXBuildFile section */
		5578C8F325DB93E1009F0A72 /* AppDelegate.swift in Sources */ = {isa = PBXBuildFile; fileRef = 5578C8F225DB93E1009F0A72 /* AppDelegate.swift */; };
		5578C8F525DB93E1009F0A72 /* SceneDelegate.swift in Sources */ = {isa = PBXBuildFile; fileRef = 5578C8F425DB93E1009F0A72 /* SceneDelegate.swift */; };
		5578C8F725DB93E1009F0A72 /* ViewController.swift in Sources */ = {isa = PBXBuildFile; fileRef = 5578C8F625DB93E1009F0A72 /* ViewController.swift */; };
		5578C8FA25DB93E1009F0A72 /* Main.storyboard in Resources */ = {isa = PBXBuildFile; fileRef = 5578C8F825DB93E1009F0A72 /* Main.storyboard */; };
		5578C8FD25DB93E1009F0A72 /* POPUPVIEW.xcdatamodeld in Sources */ = {isa = PBXBuildFile; fileRef = 5578C8FB25DB93E1009F0A72 /* POPUPVIEW.xcdatamodeld */; };
		5578C8FF25DB93E3009F0A72 /* Assets.xcassets in Resources */ = {isa = PBXBuildFile; fileRef = 5578C8FE25DB93E3009F0A72 /* Assets.xcassets */; };
		5578C90225DB93E3009F0A72 /* LaunchScreen.storyboard in Resources */ = {isa = PBXBuildFile; fileRef = 5578C90025DB93E3009F0A72 /* LaunchScreen.storyboard */; };
/* End PBXBuildFile section */

/* Begin PBXFileReference section */
		5578C8EF25DB93E1009F0A72 /* POPUPVIEW.app */ = {isa = PBXFileReference; explicitFileType = wrapper.application; includeInIndex = 0; path = POPUPVIEW.app; sourceTree = BUILT_PRODUCTS_DIR; };
		5578C8F225DB93E1009F0A72 /* AppDelegate.swift */ = {isa = PBXFileReference; lastKnownFileType = sourcecode.swift; path = AppDelegate.swift; sourceTree = "<group>"; };
		5578C8F425DB93E1009F0A72 /* SceneDelegate.swift */ = {isa = PBXFileReference; lastKnownFileType = sourcecode.swift; path = SceneDelegate.swift; sourceTree = "<group>"; };
		5578C8F625DB93E1009F0A72 /* ViewController.swift */ = {isa = PBXFileReference; lastKnownFileType = sourcecode.swift; path = ViewController.swift; sourceTree = "<group>"; };
		5578C8F925DB93E1009F0A72 /* Base */ = {isa = PBXFileReference; lastKnownFileType = file.storyboard; name = Base; path = Base.lproj/Main.storyboard; sourceTree = "<group>"; };
		5578C8FC25DB93E1009F0A72 /* POPUPVIEW.xcdatamodel */ = {isa = PBXFileReference; lastKnownFileType = wrapper.xcdatamodel; path = POPUPVIEW.xcdatamodel; sourceTree = "<group>"; };
		5578C8FE25DB93E3009F0A72 /* Assets.xcassets */ = {isa = PBXFileReference; lastKnownFileType = folder.assetcatalog; path = Assets.xcassets; sourceTree = "<group>"; };
		5578C90125DB93E3009F0A72 /* Base */ = {isa = PBXFileReference; lastKnownFileType = file.storyboard; name = Base; path = Base.lproj/LaunchScreen.storyboard; sourceTree = "<group>"; };
		5578C90325DB93E3009F0A72 /* Info.plist */ = {isa = PBXFileReference; lastKnownFileType = text.plist.xml; path = Info.plist; sourceTree = "<group>"; };
/* End PBXFileReference section */

/* Begin PBXFrameworksBuildPhase section */
		5578C8EC25DB93E1009F0A72 /* Frameworks */ = {
			isa = PBXFrameworksBuildPhase;
			buildActionMask = 2147483647;
			files = (
			);
			runOnlyForDeploymentPostprocessing = 0;
		};
/* End PBXFrameworksBuildPhase section */

/* Begin PBXGroup section */
		5578C8E625DB93E1009F0A72 = {
			isa = PBXGroup;
			children = (
				5578C8F125DB93E1009F0A72 /* POPUPVIEW */,
				5578C8F025DB93E1009F0A72 /* Products */,
			);
			sourceTree = "<group>";
		};
		5578C8F025DB93E1009F0A72 /* Products */ = {
			isa = PBXGroup;
			children = (
				5578C8EF25DB93E1009F0A72 /* POPUPVIEW.app */,
			);
			name = Products;
			sourceTree = "<group>";
		};
		5578C8F125DB93E1009F0A72 /* POPUPVIEW */ = {
			isa = PBXGroup;
			children = (
				5578C8F225DB93E1009F0A72 /* AppDelegate.swift */,
				5578C8F425DB93E1009F0A72 /* SceneDelegate.swift */,
				5578C8F625DB93E1009F0A72 /* ViewController.swift */,
				5578C8F825DB93E1009F0A72 /* Main.storyboard */,
				5578C8FE25DB93E3009F0A72 /* Assets.xcassets */,
				5578C90025DB93E3009F0A72 /* LaunchScreen.storyboard */,
				5578C90325DB93E3009F0A72 /* Info.plist */,
				5578C8FB25DB93E1009F0A72 /* POPUPVIEW.xcdatamodeld */,
			);
			path = POPUPVIEW;
			sourceTree = "<group>";
		};
/* End PBXGroup section */

/* Begin PBXNativeTarget section */
		5578C8EE25DB93E1009F0A72 /* POPUPVIEW */ = {
			isa = PBXNativeTarget;
			buildConfigurationList = 5578C90625DB93E3009F0A72 /* Build configuration list for PBXNativeTarget "POPUPVIEW" */;
			buildPhases = (
				5578C8EB25DB93E1009F0A72 /* Sources */,
				5578C8EC25DB93E1009F0A72 /* Frameworks */,
				5578C8ED25DB93E1009F0A72 /* Resources */,
			);
			buildRules = (
			);
			dependencies = (
			);
			name = POPUPVIEW;
			productName = POPUPVIEW;
			productReference = 5578C8EF25DB93E1009F0A72 /* POPUPVIEW.app */;
			productType = "com.apple.product-type.application";
		};
/* End PBXNativeTarget section */

/* Begin PBXProject section */
		5578C8E725DB93E1009F0A72 /* Project object */ = {
			isa = PBXProject;
			attributes = {
				LastSwiftUpdateCheck = 1240;
				LastUpgradeCheck = 1240;
				TargetAttributes = {
					5578C8EE25DB93E1009F0A72 = {
						CreatedOnToolsVersion = 12.4;
					};
				};
			};
			buildConfigurationList = 5578C8EA25DB93E1009F0A72 /* Build configuration list for PBXProject "POPUPVIEW" */;
			compatibilityVersion = "Xcode 9.3";
			developmentRegion = en;
			hasScannedForEncodings = 0;
			knownRegions = (
				en,
				Base,
			);
			mainGroup = 5578C8E625DB93E1009F0A72;
			productRefGroup = 5578C8F025DB93E1009F0A72 /* Products */;
			projectDirPath = "";
			projectRoot = "";
			targets = (
				5578C8EE25DB93E1009F0A72 /* POPUPVIEW */,
			);
		};
/* End PBXProject section */

/* Begin PBXResourcesBuildPhase section */
		5578C8ED25DB93E1009F0A72 /* Resources */ = {
			isa = PBXResourcesBuildPhase;
			buildActionMask = 2147483647;
			files = (
				5578C90225DB93E3009F0A72 /* LaunchScreen.storyboard in Resources */,
				5578C8FF25DB93E3009F0A72 /* Assets.xcassets in Resources */,
				5578C8FA25DB93E1009F0A72 /* Main.storyboard in Resources */,
			);
			runOnlyForDeploymentPostprocessing = 0;
		};
/* End PBXResourcesBuildPhase section */

/* Begin PBXSourcesBuildPhase section */
		5578C8EB25DB93E1009F0A72 /* Sources */ = {
			isa = PBXSourcesBuildPhase;
			buildActionMask = 2147483647;
			files = (
				5578C8F725DB93E1009F0A72 /* ViewController.swift in Sources */,
				5578C8FD25DB93E1009F0A72 /* POPUPVIEW.xcdatamodeld in Sources */,
				5578C8F325DB93E1009F0A72 /* AppDelegate.swift in Sources */,
				5578C8F525DB93E1009F0A72 /* SceneDelegate.swift in Sources */,
			);
			runOnlyForDeploymentPostprocessing = 0;
		};
/* End PBXSourcesBuildPhase section */

/* Begin PBXVariantGroup section */
		5578C8F825DB93E1009F0A72 /* Main.storyboard */ = {
			isa = PBXVariantGroup;
			children = (
				5578C8F925DB93E1009F0A72 /* Base */,
			);
			name = Main.storyboard;
			sourceTree = "<group>";
		};
		5578C90025DB93E3009F0A72 /* LaunchScreen.storyboard */ = {
			isa = PBXVariantGroup;
			children = (
				5578C90125DB93E3009F0A72 /* Base */,
			);
			name = LaunchScreen.storyboard;
			sourceTree = "<group>";
		};
/* End PBXVariantGroup section */

/* Begin XCBuildConfiguration section */
		5578C90425DB93E3009F0A72 /* Debug */ = {
			isa = XCBuildConfiguration;
			buildSettings = {
				ALWAYS_SEARCH_USER_PATHS = NO;
				CLANG_ANALYZER_NONNULL = YES;
				CLANG_ANALYZER_NUMBER_OBJECT_CONVERSION = YES_AGGRESSIVE;
				CLANG_CXX_LANGUAGE_STANDARD = "gnu++14";
				CLANG_CXX_LIBRARY = "libc++";
				CLANG_ENABLE_MODULES = YES;
				CLANG_ENABLE_OBJC_ARC = YES;
				CLANG_ENABLE_OBJC_WEAK = YES;
				CLANG_WARN_BLOCK_CAPTURE_AUTORELEASING = YES;
				CLANG_WARN_BOOL_CONVERSION = YES;
				CLANG_WARN_COMMA = YES;
				CLANG_WARN_CONSTANT_CONVERSION = YES;
				CLANG_WARN_DEPRECATED_OBJC_IMPLEMENTATIONS = YES;
				CLANG_WARN_DIRECT_OBJC_ISA_USAGE = YES_ERROR;
				CLANG_WARN_DOCUMENTATION_COMMENTS = YES;
				CLANG_WARN_EMPTY_BODY = YES;
				CLANG_WARN_ENUM_CONVERSION = YES;
				CLANG_WARN_INFINITE_RECURSION = YES;
				CLANG_WARN_INT_CONVERSION = YES;
				CLANG_WARN_NON_LITERAL_NULL_CONVERSION = YES;
				CLANG_WARN_OBJC_IMPLICIT_RETAIN_SELF = YES;
				CLANG_WARN_OBJC_LITERAL_CONVERSION = YES;
				CLANG_WARN_OBJC_ROOT_CLASS = YES_ERROR;
				CLANG_WARN_QUOTED_INCLUDE_IN_FRAMEWORK_HEADER = YES;
				CLANG_WARN_RANGE_LOOP_ANALYSIS = YES;
				CLANG_WARN_STRICT_PROTOTYPES = YES;
				CLANG_WARN_SUSPICIOUS_MOVE = YES;
				CLANG_WARN_UNGUARDED_AVAILABILITY = YES_AGGRESSIVE;
				CLANG_WARN_UNREACHABLE_CODE = YES;
				CLANG_WARN__DUPLICATE_METHOD_MATCH = YES;
				COPY_PHASE_STRIP = NO;
				DEBUG_INFORMATION_FORMAT = dwarf;
				ENABLE_STRICT_OBJC_MSGSEND = YES;
				ENABLE_TESTABILITY = YES;
				GCC_C_LANGUAGE_STANDARD = gnu11;
				GCC_DYNAMIC_NO_PIC = NO;
				GCC_NO_COMMON_BLOCKS = YES;
				GCC_OPTIMIZATION_LEVEL = 0;
				GCC_PREPROCESSOR_DEFINITIONS = (
					"DEBUG=1",
					"$(inherited)",
				);
				GCC_WARN_64_TO_32_BIT_CONVERSION = YES;
				GCC_WARN_ABOUT_RETURN_TYPE = YES_ERROR;
				GCC_WARN_UNDECLARED_SELECTOR = YES;
				GCC_WARN_UNINITIALIZED_AUTOS = YES_AGGRESSIVE;
				GCC_WARN_UNUSED_FUNCTION = YES;
				GCC_WARN_UNUSED_VARIABLE = YES;
				IPHONEOS_DEPLOYMENT_TARGET = 14.4;
				MTL_ENABLE_DEBUG_INFO = INCLUDE_SOURCE;
				MTL_FAST_MATH = YES;
				ONLY_ACTIVE_ARCH = YES;
				SDKROOT = iphoneos;
				SWIFT_ACTIVE_COMPILATION_CONDITIONS = DEBUG;
				SWIFT_OPTIMIZATION_LEVEL = "-Onone";
			};
			name = Debug;
		};
		5578C90525DB93E3009F0A72 /* Release */ = {
			isa = XCBuildConfiguration;
			buildSettings = {
				ALWAYS_SEARCH_USER_PATHS = NO;
				CLANG_ANALYZER_NONNULL = YES;
				CLANG_ANALYZER_NUMBER_OBJECT_CONVERSION = YES_AGGRESSIVE;
				CLANG_CXX_LANGUAGE_STANDARD = "gnu++14";
				CLANG_CXX_LIBRARY = "libc++";
				CLANG_ENABLE_MODULES = YES;
				CLANG_ENABLE_OBJC_ARC = YES;
				CLANG_ENABLE_OBJC_WEAK = YES;
				CLANG_WARN_BLOCK_CAPTURE_AUTORELEASING = YES;
				CLANG_WARN_BOOL_CONVERSION = YES;
				CLANG_WARN_COMMA = YES;
				CLANG_WARN_CONSTANT_CONVERSION = YES;
				CLANG_WARN_DEPRECATED_OBJC_IMPLEMENTATIONS = YES;
				CLANG_WARN_DIRECT_OBJC_ISA_USAGE = YES_ERROR;
				CLANG_WARN_DOCUMENTATION_COMMENTS = YES;
				CLANG_WARN_EMPTY_BODY = YES;
				CLANG_WARN_ENUM_CONVERSION = YES;
				CLANG_WARN_INFINITE_RECURSION = YES;
				CLANG_WARN_INT_CONVERSION = YES;
				CLANG_WARN_NON_LITERAL_NULL_CONVERSION = YES;
				CLANG_WARN_OBJC_IMPLICIT_RETAIN_SELF = YES;
				CLANG_WARN_OBJC_LITERAL_CONVERSION = YES;
				CLANG_WARN_OBJC_ROOT_CLASS = YES_ERROR;
				CLANG_WARN_QUOTED_INCLUDE_IN_FRAMEWORK_HEADER = YES;
				CLANG_WARN_RANGE_LOOP_ANALYSIS = YES;
				CLANG_WARN_STRICT_PROTOTYPES = YES;
				CLANG_WARN_SUSPICIOUS_MOVE = YES;
				CLANG_WARN_UNGUARDED_AVAILABILITY = YES_AGGRESSIVE;
				CLANG_WARN_UNREACHABLE_CODE = YES;
				CLANG_WARN__DUPLICATE_METHOD_MATCH = YES;
				COPY_PHASE_STRIP = NO;
				DEBUG_INFORMATION_FORMAT = "dwarf-with-dsym";
				ENABLE_NS_ASSERTIONS = NO;
				ENABLE_STRICT_OBJC_MSGSEND = YES;
				GCC_C_LANGUAGE_STANDARD = gnu11;
				GCC_NO_COMMON_BLOCKS = YES;
				GCC_WARN_64_TO_32_BIT_CONVERSION = YES;
				GCC_WARN_ABOUT_RETURN_TYPE = YES_ERROR;
				GCC_WARN_UNDECLARED_SELECTOR = YES;
				GCC_WARN_UNINITIALIZED_AUTOS = YES_AGGRESSIVE;
				GCC_WARN_UNUSED_FUNCTION = YES;
				GCC_WARN_UNUSED_VARIABLE = YES;
				IPHONEOS_DEPLOYMENT_TARGET = 14.4;
				MTL_ENABLE_DEBUG_INFO = NO;
				MTL_FAST_MATH = YES;
				SDKROOT = iphoneos;
				SWIFT_COMPILATION_MODE = wholemodule;
				SWIFT_OPTIMIZATION_LEVEL = "-O";
				VALIDATE_PRODUCT = YES;
			};
			name = Release;
		};
		5578C90725DB93E3009F0A72 /* Debug */ = {
			isa = XCBuildConfiguration;
			buildSettings = {
				ASSETCATALOG_COMPILER_APPICON_NAME = AppIcon;
				ASSETCATALOG_COMPILER_GLOBAL_ACCENT_COLOR_NAME = AccentColor;
				CODE_SIGN_STYLE = Automatic;
				DEVELOPMENT_TEAM = GJM8829Q7N;
				INFOPLIST_FILE = POPUPVIEW/Info.plist;
				LD_RUNPATH_SEARCH_PATHS = (
					"$(inherited)",
					"@executable_path/Frameworks",
				);
				PRODUCT_BUNDLE_IDENTIFIER = com.gokulnair.POPUPVIEW;
				PRODUCT_NAME = "$(TARGET_NAME)";
				SWIFT_VERSION = 5.0;
				TARGETED_DEVICE_FAMILY = "1,2";
			};
			name = Debug;
		};
		5578C90825DB93E3009F0A72 /* Release */ = {
			isa = XCBuildConfiguration;
			buildSettings = {
				ASSETCATALOG_COMPILER_APPICON_NAME = AppIcon;
				ASSETCATALOG_COMPILER_GLOBAL_ACCENT_COLOR_NAME = AccentColor;
				CODE_SIGN_STYLE = Automatic;
				DEVELOPMENT_TEAM = GJM8829Q7N;
				INFOPLIST_FILE = POPUPVIEW/Info.plist;
				LD_RUNPATH_SEARCH_PATHS = (
					"$(inherited)",
					"@executable_path/Frameworks",
				);
				PRODUCT_BUNDLE_IDENTIFIER = com.gokulnair.POPUPVIEW;
				PRODUCT_NAME = "$(TARGET_NAME)";
				SWIFT_VERSION = 5.0;
				TARGETED_DEVICE_FAMILY = "1,2";
			};
			name = Release;
		};
/* End XCBuildConfiguration section */

/* Begin XCConfigurationList section */
		5578C8EA25DB93E1009F0A72 /* Build configuration list for PBXProject "POPUPVIEW" */ = {
			isa = XCConfigurationList;
			buildConfigurations = (
				5578C90425DB93E3009F0A72 /* Debug */,
				5578C90525DB93E3009F0A72 /* Release */,
			);
			defaultConfigurationIsVisible = 0;
			defaultConfigurationName = Release;
		};
		5578C90625DB93E3009F0A72 /* Build configuration list for PBXNativeTarget "POPUPVIEW" */ = {
			isa = XCConfigurationList;
			buildConfigurations = (
				5578C90725DB93E3009F0A72 /* Debug */,
				5578C90825DB93E3009F0A72 /* Release */,
			);
			defaultConfigurationIsVisible = 0;
			defaultConfigurationName = Release;
		};
/* End XCConfigurationList section */

/* Begin XCVersionGroup section */
		5578C8FB25DB93E1009F0A72 /* POPUPVIEW.xcdatamodeld */ = {
			isa = XCVersionGroup;
			children = (
				5578C8FC25DB93E1009F0A72 /* POPUPVIEW.xcdatamodel */,
			);
			currentVersion = 5578C8FC25DB93E1009F0A72 /* POPUPVIEW.xcdatamodel */;
			path = POPUPVIEW.xcdatamodeld;
			sourceTree = "<group>";
			versionGroupType = wrapper.xcdatamodel;
		};
/* End XCVersionGroup section */
	};
	rootObject = 5578C8E725DB93E1009F0A72 /* Project object */;
}
